
Microsoft Visual Studio Solution File, Format Version 12.00
# Visual Studio 15
VisualStudioVersion = 15.0.28307.572
MinimumVisualStudioVersion = 10.0.40219.1
Project("{FAE04EC0-301F-11D3-BF4B-00C04F79EFBC}") = "Test", "Test\Test.csproj", "{B2658036-FB57-4AA8-8F93-3B13E4620002}"
EndProject
Global
	GlobalSection(SolutionConfigurationPlatforms) = preSolution
		Debug|Any CPU = Debug|Any CPU
		Release|Any CPU = Release|Any CPU
	EndGlobalSection
	GlobalSection(ProjectConfigurationPlatforms) = postSolution
		{B2658036-FB57-4AA8-8F93-3B13E4620002}.Debug|Any CPU.ActiveCfg = Debug|Any CPU
		{B2658036-FB57-4AA8-8F93-3B13E4620002}.Debug|Any CPU.Build.0 = Debug|Any CPU
		{B2658036-FB57-4AA8-8F93-3B13E4620002}.Release|Any CPU.ActiveCfg = Release|Any CPU
		{B2658036-FB57-4AA8-8F93-3B13E4620002}.Release|Any CPU.Build.0 = Release|Any CPU
	EndGlobalSection
	GlobalSection(SolutionProperties) = preSolution
		HideSolutionNode = FALSE
	EndGlobalSection
	GlobalSection(ExtensibilityGlobals) = postSolution
		SolutionGuid = {E9258F3E-8C5B-4A59-88E5-5ACFF9734005}
	EndGlobalSection
EndGlobal
