
Microsoft Visual Studio Solution File, Format Version 12.00
# Visual Studio Version 16
VisualStudioVersion = 16.0.29519.87
MinimumVisualStudioVersion = 10.0.40219.1
Project("{FAE04EC0-301F-11D3-BF4B-00C04F79EFBC}") = "OperatorOverloading", "OperatorOverloading\OperatorOverloading.csproj", "{74A2A4A8-3EDE-4F64-87EF-F9527FD17EDB}"
EndProject
Global
	GlobalSection(SolutionConfigurationPlatforms) = preSolution
		Debug|Any CPU = Debug|Any CPU
		Release|Any CPU = Release|Any CPU
	EndGlobalSection
	GlobalSection(ProjectConfigurationPlatforms) = postSolution
		{74A2A4A8-3EDE-4F64-87EF-F9527FD17EDB}.Debug|Any CPU.ActiveCfg = Debug|Any CPU
		{74A2A4A8-3EDE-4F64-87EF-F9527FD17EDB}.Debug|Any CPU.Build.0 = Debug|Any CPU
		{74A2A4A8-3EDE-4F64-87EF-F9527FD17EDB}.Release|Any CPU.ActiveCfg = Release|Any CPU
		{74A2A4A8-3EDE-4F64-87EF-F9527FD17EDB}.Release|Any CPU.Build.0 = Release|Any CPU
	EndGlobalSection
	GlobalSection(SolutionProperties) = preSolution
		HideSolutionNode = FALSE
	EndGlobalSection
	GlobalSection(ExtensibilityGlobals) = postSolution
		SolutionGuid = {2E68F8A3-1BC2-474B-9C4B-3CB80FBE2AEF}
	EndGlobalSection
EndGlobal
