
Microsoft Visual Studio Solution File, Format Version 12.00
# Visual Studio Version 16
VisualStudioVersion = 16.0.29519.87
MinimumVisualStudioVersion = 10.0.40219.1
Project("{FAE04EC0-301F-11D3-BF4B-00C04F79EFBC}") = "ConstAndReadonly", "ConstAndReadonly\ConstAndReadonly.csproj", "{397FE761-EAEF-4F28-80DB-444AC1B4793B}"
EndProject
Global
	GlobalSection(SolutionConfigurationPlatforms) = preSolution
		Debug|Any CPU = Debug|Any CPU
		Release|Any CPU = Release|Any CPU
	EndGlobalSection
	GlobalSection(ProjectConfigurationPlatforms) = postSolution
		{397FE761-EAEF-4F28-80DB-444AC1B4793B}.Debug|Any CPU.ActiveCfg = Debug|Any CPU
		{397FE761-EAEF-4F28-80DB-444AC1B4793B}.Debug|Any CPU.Build.0 = Debug|Any CPU
		{397FE761-EAEF-4F28-80DB-444AC1B4793B}.Release|Any CPU.ActiveCfg = Release|Any CPU
		{397FE761-EAEF-4F28-80DB-444AC1B4793B}.Release|Any CPU.Build.0 = Release|Any CPU
	EndGlobalSection
	GlobalSection(SolutionProperties) = preSolution
		HideSolutionNode = FALSE
	EndGlobalSection
	GlobalSection(ExtensibilityGlobals) = postSolution
		SolutionGuid = {0F6D3F5B-4D58-413C-8969-15678AE39A27}
	EndGlobalSection
EndGlobal
