
Microsoft Visual Studio Solution File, Format Version 12.00
# Visual Studio Version 16
VisualStudioVersion = 16.0.29519.87
MinimumVisualStudioVersion = 10.0.40219.1
Project("{FAE04EC0-301F-11D3-BF4B-00C04F79EFBC}") = "StaticImport", "StaticImport\StaticImport.csproj", "{82AE9789-1646-4924-8854-E93EDE60B045}"
EndProject
Global
	GlobalSection(SolutionConfigurationPlatforms) = preSolution
		Debug|Any CPU = Debug|Any CPU
		Release|Any CPU = Release|Any CPU
	EndGlobalSection
	GlobalSection(ProjectConfigurationPlatforms) = postSolution
		{82AE9789-1646-4924-8854-E93EDE60B045}.Debug|Any CPU.ActiveCfg = Debug|Any CPU
		{82AE9789-1646-4924-8854-E93EDE60B045}.Debug|Any CPU.Build.0 = Debug|Any CPU
		{82AE9789-1646-4924-8854-E93EDE60B045}.Release|Any CPU.ActiveCfg = Release|Any CPU
		{82AE9789-1646-4924-8854-E93EDE60B045}.Release|Any CPU.Build.0 = Release|Any CPU
	EndGlobalSection
	GlobalSection(SolutionProperties) = preSolution
		HideSolutionNode = FALSE
	EndGlobalSection
	GlobalSection(ExtensibilityGlobals) = postSolution
		SolutionGuid = {6277B65C-EB01-4DBA-9906-ABE4F1B49583}
	EndGlobalSection
EndGlobal
