
Microsoft Visual Studio Solution File, Format Version 12.00
# Visual Studio Version 16
VisualStudioVersion = 16.0.29519.87
MinimumVisualStudioVersion = 10.0.40219.1
Project("{FAE04EC0-301F-11D3-BF4B-00C04F79EFBC}") = "Indexer2DArray", "Indexer2DArray\Indexer2DArray.csproj", "{60326A79-D4D6-4943-B29E-CF622341CE87}"
EndProject
Global
	GlobalSection(SolutionConfigurationPlatforms) = preSolution
		Debug|Any CPU = Debug|Any CPU
		Release|Any CPU = Release|Any CPU
	EndGlobalSection
	GlobalSection(ProjectConfigurationPlatforms) = postSolution
		{60326A79-D4D6-4943-B29E-CF622341CE87}.Debug|Any CPU.ActiveCfg = Debug|Any CPU
		{60326A79-D4D6-4943-B29E-CF622341CE87}.Debug|Any CPU.Build.0 = Debug|Any CPU
		{60326A79-D4D6-4943-B29E-CF622341CE87}.Release|Any CPU.ActiveCfg = Release|Any CPU
		{60326A79-D4D6-4943-B29E-CF622341CE87}.Release|Any CPU.Build.0 = Release|Any CPU
	EndGlobalSection
	GlobalSection(SolutionProperties) = preSolution
		HideSolutionNode = FALSE
	EndGlobalSection
	GlobalSection(ExtensibilityGlobals) = postSolution
		SolutionGuid = {486221A5-C316-486E-8329-49FA3E977EBE}
	EndGlobalSection
EndGlobal
