
Microsoft Visual Studio Solution File, Format Version 12.00
# Visual Studio 15
VisualStudioVersion = 15.0.28307.572
MinimumVisualStudioVersion = 10.0.40219.1
Project("{FAE04EC0-301F-11D3-BF4B-00C04F79EFBC}") = "ch_6. Classes", "ch_6. Classes\ch_6. Classes.csproj", "{D7205D5A-C5E6-4AA5-B53A-EBA8468A7C3D}"
EndProject
Global
	GlobalSection(SolutionConfigurationPlatforms) = preSolution
		Debug|Any CPU = Debug|Any CPU
		Release|Any CPU = Release|Any CPU
	EndGlobalSection
	GlobalSection(ProjectConfigurationPlatforms) = postSolution
		{D7205D5A-C5E6-4AA5-B53A-EBA8468A7C3D}.Debug|Any CPU.ActiveCfg = Debug|Any CPU
		{D7205D5A-C5E6-4AA5-B53A-EBA8468A7C3D}.Debug|Any CPU.Build.0 = Debug|Any CPU
		{D7205D5A-C5E6-4AA5-B53A-EBA8468A7C3D}.Release|Any CPU.ActiveCfg = Release|Any CPU
		{D7205D5A-C5E6-4AA5-B53A-EBA8468A7C3D}.Release|Any CPU.Build.0 = Release|Any CPU
	EndGlobalSection
	GlobalSection(SolutionProperties) = preSolution
		HideSolutionNode = FALSE
	EndGlobalSection
	GlobalSection(ExtensibilityGlobals) = postSolution
		SolutionGuid = {815AA35C-DFB5-47E2-B714-B03A8C3EF1B9}
	EndGlobalSection
EndGlobal
